
Microsoft Visual Studio Solution File, Format Version 12.00
# Visual Studio Version 16
VisualStudioVersion = 16.0.30413.136
MinimumVisualStudioVersion = 10.0.40219.1
Project("{9A19103F-16F7-4668-BE54-9A1E7A4F7556}") = "PrereqClient", "PrereqClient\PrereqClient.csproj", "{CECA4D4E-835A-4D11-B71A-10BED09BB463}"
EndProject
Project("{9A19103F-16F7-4668-BE54-9A1E7A4F7556}") = "PrereqServer", "PrereqServer\PrereqServer.csproj", "{9F47111F-F1D4-4017-B0AD-91B858A1106F}"
EndProject
Project("{9A19103F-16F7-4668-BE54-9A1E7A4F7556}") = "Client", "Client\Client.csproj", "{9D994C6E-BFAF-465D-906D-6A4279AD9B6C}"
EndProject
Project("{9A19103F-16F7-4668-BE54-9A1E7A4F7556}") = "ServerA", "ServerA\ServerA.csproj", "{63090756-0F58-4DCF-86CA-CC69DA3BF907}"
EndProject
Project("{9A19103F-16F7-4668-BE54-9A1E7A4F7556}") = "ServerB", "ServerB\ServerB.csproj", "{8D2A3C3D-E2AD-4F86-B41A-D206ADE9CDA6}"
EndProject
Project("{2150E333-8FDC-42A3-9474-1A3956D46DE8}") = "Solution Items", "Solution Items", "{62B68518-0A67-41D3-848E-DD6C3665CFD1}"
	ProjectSection(SolutionItems) = preProject
		.editorconfig = .editorconfig
	EndProjectSection
EndProject
Global
	GlobalSection(SolutionConfigurationPlatforms) = preSolution
		Debug|Any CPU = Debug|Any CPU
		Release|Any CPU = Release|Any CPU
	EndGlobalSection
	GlobalSection(ProjectConfigurationPlatforms) = postSolution
		{CECA4D4E-835A-4D11-B71A-10BED09BB463}.Debug|Any CPU.ActiveCfg = Debug|Any CPU
		{CECA4D4E-835A-4D11-B71A-10BED09BB463}.Debug|Any CPU.Build.0 = Debug|Any CPU
		{CECA4D4E-835A-4D11-B71A-10BED09BB463}.Release|Any CPU.ActiveCfg = Release|Any CPU
		{CECA4D4E-835A-4D11-B71A-10BED09BB463}.Release|Any CPU.Build.0 = Release|Any CPU
		{9F47111F-F1D4-4017-B0AD-91B858A1106F}.Debug|Any CPU.ActiveCfg = Debug|Any CPU
		{9F47111F-F1D4-4017-B0AD-91B858A1106F}.Debug|Any CPU.Build.0 = Debug|Any CPU
		{9F47111F-F1D4-4017-B0AD-91B858A1106F}.Release|Any CPU.ActiveCfg = Release|Any CPU
		{9F47111F-F1D4-4017-B0AD-91B858A1106F}.Release|Any CPU.Build.0 = Release|Any CPU
		{9D994C6E-BFAF-465D-906D-6A4279AD9B6C}.Debug|Any CPU.ActiveCfg = Debug|Any CPU
		{9D994C6E-BFAF-465D-906D-6A4279AD9B6C}.Debug|Any CPU.Build.0 = Debug|Any CPU
		{9D994C6E-BFAF-465D-906D-6A4279AD9B6C}.Release|Any CPU.ActiveCfg = Release|Any CPU
		{9D994C6E-BFAF-465D-906D-6A4279AD9B6C}.Release|Any CPU.Build.0 = Release|Any CPU
		{63090756-0F58-4DCF-86CA-CC69DA3BF907}.Debug|Any CPU.ActiveCfg = Debug|Any CPU
		{63090756-0F58-4DCF-86CA-CC69DA3BF907}.Debug|Any CPU.Build.0 = Debug|Any CPU
		{63090756-0F58-4DCF-86CA-CC69DA3BF907}.Release|Any CPU.ActiveCfg = Release|Any CPU
		{63090756-0F58-4DCF-86CA-CC69DA3BF907}.Release|Any CPU.Build.0 = Release|Any CPU
		{8D2A3C3D-E2AD-4F86-B41A-D206ADE9CDA6}.Debug|Any CPU.ActiveCfg = Debug|Any CPU
		{8D2A3C3D-E2AD-4F86-B41A-D206ADE9CDA6}.Debug|Any CPU.Build.0 = Debug|Any CPU
		{8D2A3C3D-E2AD-4F86-B41A-D206ADE9CDA6}.Release|Any CPU.ActiveCfg = Release|Any CPU
		{8D2A3C3D-E2AD-4F86-B41A-D206ADE9CDA6}.Release|Any CPU.Build.0 = Release|Any CPU
	EndGlobalSection
	GlobalSection(SolutionProperties) = preSolution
		HideSolutionNode = FALSE
	EndGlobalSection
	GlobalSection(ExtensibilityGlobals) = postSolution
		SolutionGuid = {A2786A48-2477-46DC-81E1-53EF81F3C945}
	EndGlobalSection
EndGlobal
